// !$*UTF8*$!
{
	archiveVersion = 1;
	classes = {
	};
	objectVersion = 56;
	objects = {

/* Begin PBXBuildFile section */
		AA02857D96066D12F962DD72 /* Pods_Spotify_iOS.framework in Frameworks */ = {isa = PBXBuildFile; fileRef = 51A8CFEB9F2D9EA49F0F1B0D /* Pods_Spotify_iOS.framework */; };
		AE0039582BCAE71700A2D0CB /* Extensions.swift in Sources */ = {isa = PBXBuildFile; fileRef = AE0039572BCAE71700A2D0CB /* Extensions.swift */; };
		AE152A852BD6A7170002F8A0 /* SettingModels.swift in Sources */ = {isa = PBXBuildFile; fileRef = AE152A842BD6A7170002F8A0 /* SettingModels.swift */; };
		AE394B0B2BC6EFCC00971964 /* AppDelegate.swift in Sources */ = {isa = PBXBuildFile; fileRef = AE394B0A2BC6EFCC00971964 /* AppDelegate.swift */; };
		AE394B0D2BC6EFCC00971964 /* SceneDelegate.swift in Sources */ = {isa = PBXBuildFile; fileRef = AE394B0C2BC6EFCC00971964 /* SceneDelegate.swift */; };
		AE394B122BC6EFCC00971964 /* Base in Resources */ = {isa = PBXBuildFile; fileRef = AE394B112BC6EFCC00971964 /* Base */; };
		AE394B142BC6EFCD00971964 /* Assets.xcassets in Resources */ = {isa = PBXBuildFile; fileRef = AE394B132BC6EFCD00971964 /* Assets.xcassets */; };
		AE394B172BC6EFCD00971964 /* Base in Resources */ = {isa = PBXBuildFile; fileRef = AE394B162BC6EFCD00971964 /* Base */; };
		AE76D8772BC970AE000A6CEB /* HomeViewController.swift in Sources */ = {isa = PBXBuildFile; fileRef = AE76D8762BC970AE000A6CEB /* HomeViewController.swift */; };
		AE76D8792BC970CC000A6CEB /* TabBarViewController.swift in Sources */ = {isa = PBXBuildFile; fileRef = AE76D8782BC970CC000A6CEB /* TabBarViewController.swift */; };
		AE76D87B2BC970E0000A6CEB /* SearchViewController.swift in Sources */ = {isa = PBXBuildFile; fileRef = AE76D87A2BC970E0000A6CEB /* SearchViewController.swift */; };
		AE76D87D2BC970F8000A6CEB /* LibraryViewController.swift in Sources */ = {isa = PBXBuildFile; fileRef = AE76D87C2BC970F8000A6CEB /* LibraryViewController.swift */; };
		AE76D87F2BC9710C000A6CEB /* AuthViewController.swift in Sources */ = {isa = PBXBuildFile; fileRef = AE76D87E2BC9710C000A6CEB /* AuthViewController.swift */; };
		AE76D8812BC9711F000A6CEB /* WelcomeViewController.swift in Sources */ = {isa = PBXBuildFile; fileRef = AE76D8802BC9711F000A6CEB /* WelcomeViewController.swift */; };
		AE76D8832BC97155000A6CEB /* SettingsViewController.swift in Sources */ = {isa = PBXBuildFile; fileRef = AE76D8822BC97155000A6CEB /* SettingsViewController.swift */; };
		AE76D8852BC9716D000A6CEB /* ProfileViewController.swift in Sources */ = {isa = PBXBuildFile; fileRef = AE76D8842BC9716D000A6CEB /* ProfileViewController.swift */; };
		AE76D8872BC97183000A6CEB /* PlayerViewController.swift in Sources */ = {isa = PBXBuildFile; fileRef = AE76D8862BC97183000A6CEB /* PlayerViewController.swift */; };
		AE76D8892BC97285000A6CEB /* PlaylistViewController.swift in Sources */ = {isa = PBXBuildFile; fileRef = AE76D8882BC97285000A6CEB /* PlaylistViewController.swift */; };
		AE76D88B2BC9729A000A6CEB /* SearchResultViewController.swift in Sources */ = {isa = PBXBuildFile; fileRef = AE76D88A2BC9729A000A6CEB /* SearchResultViewController.swift */; };
		AE76D88D2BC9730D000A6CEB /* AuthManager.swift in Sources */ = {isa = PBXBuildFile; fileRef = AE76D88C2BC9730D000A6CEB /* AuthManager.swift */; };
		AE76D88F2BC9731F000A6CEB /* APICaller.swift in Sources */ = {isa = PBXBuildFile; fileRef = AE76D88E2BC9731F000A6CEB /* APICaller.swift */; };
		AE76D8912BC97346000A6CEB /* HapticsManager.swift in Sources */ = {isa = PBXBuildFile; fileRef = AE76D8902BC97346000A6CEB /* HapticsManager.swift */; };
		AE76D8932BC973A0000A6CEB /* Playlist.swift in Sources */ = {isa = PBXBuildFile; fileRef = AE76D8922BC973A0000A6CEB /* Playlist.swift */; };
		AE76D8952BC973B5000A6CEB /* AudioTrack.swift in Sources */ = {isa = PBXBuildFile; fileRef = AE76D8942BC973B5000A6CEB /* AudioTrack.swift */; };
		AE76D8972BC973C7000A6CEB /* Artist.swift in Sources */ = {isa = PBXBuildFile; fileRef = AE76D8962BC973C7000A6CEB /* Artist.swift */; };
		AE76D8992BC973D7000A6CEB /* UserProfile.swift in Sources */ = {isa = PBXBuildFile; fileRef = AE76D8982BC973D7000A6CEB /* UserProfile.swift */; };
		AEBCA31D2BD177AE007FB60E /* AuthResponse.swift in Sources */ = {isa = PBXBuildFile; fileRef = AEBCA31C2BD177AE007FB60E /* AuthResponse.swift */; };
/* End PBXBuildFile section */

/* Begin PBXFileReference section */
		44A7211C4CDAABFB0E8268CF /* Pods-Spotify-iOS.debug.xcconfig */ = {isa = PBXFileReference; includeInIndex = 1; lastKnownFileType = text.xcconfig; name = "Pods-Spotify-iOS.debug.xcconfig"; path = "Target Support Files/Pods-Spotify-iOS/Pods-Spotify-iOS.debug.xcconfig"; sourceTree = "<group>"; };
		51A8CFEB9F2D9EA49F0F1B0D /* Pods_Spotify_iOS.framework */ = {isa = PBXFileReference; explicitFileType = wrapper.framework; includeInIndex = 0; path = Pods_Spotify_iOS.framework; sourceTree = BUILT_PRODUCTS_DIR; };
		AE0039572BCAE71700A2D0CB /* Extensions.swift */ = {isa = PBXFileReference; lastKnownFileType = sourcecode.swift; path = Extensions.swift; sourceTree = "<group>"; };
		AE152A842BD6A7170002F8A0 /* SettingModels.swift */ = {isa = PBXFileReference; lastKnownFileType = sourcecode.swift; path = SettingModels.swift; sourceTree = "<group>"; };
		AE394B072BC6EFCC00971964 /* Spotify-iOS.app */ = {isa = PBXFileReference; explicitFileType = wrapper.application; includeInIndex = 0; path = "Spotify-iOS.app"; sourceTree = BUILT_PRODUCTS_DIR; };
		AE394B0A2BC6EFCC00971964 /* AppDelegate.swift */ = {isa = PBXFileReference; lastKnownFileType = sourcecode.swift; path = AppDelegate.swift; sourceTree = "<group>"; };
		AE394B0C2BC6EFCC00971964 /* SceneDelegate.swift */ = {isa = PBXFileReference; lastKnownFileType = sourcecode.swift; path = SceneDelegate.swift; sourceTree = "<group>"; };
		AE394B112BC6EFCC00971964 /* Base */ = {isa = PBXFileReference; lastKnownFileType = file.storyboard; name = Base; path = Base.lproj/Main.storyboard; sourceTree = "<group>"; };
		AE394B132BC6EFCD00971964 /* Assets.xcassets */ = {isa = PBXFileReference; lastKnownFileType = folder.assetcatalog; path = Assets.xcassets; sourceTree = "<group>"; };
		AE394B162BC6EFCD00971964 /* Base */ = {isa = PBXFileReference; lastKnownFileType = file.storyboard; name = Base; path = Base.lproj/LaunchScreen.storyboard; sourceTree = "<group>"; };
		AE394B182BC6EFCD00971964 /* Info.plist */ = {isa = PBXFileReference; lastKnownFileType = text.plist.xml; path = Info.plist; sourceTree = "<group>"; };
		AE76D8762BC970AE000A6CEB /* HomeViewController.swift */ = {isa = PBXFileReference; lastKnownFileType = sourcecode.swift; path = HomeViewController.swift; sourceTree = "<group>"; };
		AE76D8782BC970CC000A6CEB /* TabBarViewController.swift */ = {isa = PBXFileReference; lastKnownFileType = sourcecode.swift; path = TabBarViewController.swift; sourceTree = "<group>"; };
		AE76D87A2BC970E0000A6CEB /* SearchViewController.swift */ = {isa = PBXFileReference; lastKnownFileType = sourcecode.swift; path = SearchViewController.swift; sourceTree = "<group>"; };
		AE76D87C2BC970F8000A6CEB /* LibraryViewController.swift */ = {isa = PBXFileReference; lastKnownFileType = sourcecode.swift; path = LibraryViewController.swift; sourceTree = "<group>"; };
		AE76D87E2BC9710C000A6CEB /* AuthViewController.swift */ = {isa = PBXFileReference; lastKnownFileType = sourcecode.swift; path = AuthViewController.swift; sourceTree = "<group>"; };
		AE76D8802BC9711F000A6CEB /* WelcomeViewController.swift */ = {isa = PBXFileReference; lastKnownFileType = sourcecode.swift; path = WelcomeViewController.swift; sourceTree = "<group>"; };
		AE76D8822BC97155000A6CEB /* SettingsViewController.swift */ = {isa = PBXFileReference; lastKnownFileType = sourcecode.swift; path = SettingsViewController.swift; sourceTree = "<group>"; };
		AE76D8842BC9716D000A6CEB /* ProfileViewController.swift */ = {isa = PBXFileReference; lastKnownFileType = sourcecode.swift; path = ProfileViewController.swift; sourceTree = "<group>"; };
		AE76D8862BC97183000A6CEB /* PlayerViewController.swift */ = {isa = PBXFileReference; lastKnownFileType = sourcecode.swift; path = PlayerViewController.swift; sourceTree = "<group>"; };
		AE76D8882BC97285000A6CEB /* PlaylistViewController.swift */ = {isa = PBXFileReference; lastKnownFileType = sourcecode.swift; path = PlaylistViewController.swift; sourceTree = "<group>"; };
		AE76D88A2BC9729A000A6CEB /* SearchResultViewController.swift */ = {isa = PBXFileReference; lastKnownFileType = sourcecode.swift; path = SearchResultViewController.swift; sourceTree = "<group>"; };
		AE76D88C2BC9730D000A6CEB /* AuthManager.swift */ = {isa = PBXFileReference; lastKnownFileType = sourcecode.swift; path = AuthManager.swift; sourceTree = "<group>"; };
		AE76D88E2BC9731F000A6CEB /* APICaller.swift */ = {isa = PBXFileReference; lastKnownFileType = sourcecode.swift; path = APICaller.swift; sourceTree = "<group>"; };
		AE76D8902BC97346000A6CEB /* HapticsManager.swift */ = {isa = PBXFileReference; lastKnownFileType = sourcecode.swift; path = HapticsManager.swift; sourceTree = "<group>"; };
		AE76D8922BC973A0000A6CEB /* Playlist.swift */ = {isa = PBXFileReference; lastKnownFileType = sourcecode.swift; path = Playlist.swift; sourceTree = "<group>"; };
		AE76D8942BC973B5000A6CEB /* AudioTrack.swift */ = {isa = PBXFileReference; lastKnownFileType = sourcecode.swift; path = AudioTrack.swift; sourceTree = "<group>"; };
		AE76D8962BC973C7000A6CEB /* Artist.swift */ = {isa = PBXFileReference; lastKnownFileType = sourcecode.swift; path = Artist.swift; sourceTree = "<group>"; };
		AE76D8982BC973D7000A6CEB /* UserProfile.swift */ = {isa = PBXFileReference; lastKnownFileType = sourcecode.swift; path = UserProfile.swift; sourceTree = "<group>"; };
		AEBCA31C2BD177AE007FB60E /* AuthResponse.swift */ = {isa = PBXFileReference; lastKnownFileType = sourcecode.swift; path = AuthResponse.swift; sourceTree = "<group>"; };
		D7B8D9F5B3C6AAB8BEDAA505 /* Pods-Spotify-iOS.release.xcconfig */ = {isa = PBXFileReference; includeInIndex = 1; lastKnownFileType = text.xcconfig; name = "Pods-Spotify-iOS.release.xcconfig"; path = "Target Support Files/Pods-Spotify-iOS/Pods-Spotify-iOS.release.xcconfig"; sourceTree = "<group>"; };
/* End PBXFileReference section */

/* Begin PBXFrameworksBuildPhase section */
		AE394B042BC6EFCC00971964 /* Frameworks */ = {
			isa = PBXFrameworksBuildPhase;
			buildActionMask = 2147483647;
			files = (
				AA02857D96066D12F962DD72 /* Pods_Spotify_iOS.framework in Frameworks */,
			);
			runOnlyForDeploymentPostprocessing = 0;
		};
/* End PBXFrameworksBuildPhase section */

/* Begin PBXGroup section */
		0D659D17512020E23C6C81AB /* Frameworks */ = {
			isa = PBXGroup;
			children = (
				51A8CFEB9F2D9EA49F0F1B0D /* Pods_Spotify_iOS.framework */,
			);
			name = Frameworks;
			sourceTree = "<group>";
		};
		AE394AFE2BC6EFCC00971964 = {
			isa = PBXGroup;
			children = (
				AE394B092BC6EFCC00971964 /* Spotify-iOS */,
				AE394B082BC6EFCC00971964 /* Products */,
				DF056C13EED39397EE8BC8BF /* Pods */,
				0D659D17512020E23C6C81AB /* Frameworks */,
			);
			sourceTree = "<group>";
		};
		AE394B082BC6EFCC00971964 /* Products */ = {
			isa = PBXGroup;
			children = (
				AE394B072BC6EFCC00971964 /* Spotify-iOS.app */,
			);
			name = Products;
			sourceTree = "<group>";
		};
		AE394B092BC6EFCC00971964 /* Spotify-iOS */ = {
			isa = PBXGroup;
			children = (
				AE394B232BC6F03A00971964 /* Resources */,
				AE394B222BC6F02B00971964 /* Managers */,
				AE394B212BC6F02200971964 /* ViewModels */,
				AE394B202BC6F01C00971964 /* Models */,
				AE394B1F2BC6F01200971964 /* Views */,
				AE394B1E2BC6F00600971964 /* Controllers */,
				AE394B102BC6EFCC00971964 /* Main.storyboard */,
				AE394B182BC6EFCD00971964 /* Info.plist */,
			);
			path = "Spotify-iOS";
			sourceTree = "<group>";
		};
		AE394B1E2BC6F00600971964 /* Controllers */ = {
			isa = PBXGroup;
			children = (
				AE76D8752BC9702D000A6CEB /* Other */,
				AE76D8742BC96FE5000A6CEB /* Core */,
			);
			path = Controllers;
			sourceTree = "<group>";
		};
		AE394B1F2BC6F01200971964 /* Views */ = {
			isa = PBXGroup;
			children = (
				AE394B152BC6EFCD00971964 /* LaunchScreen.storyboard */,
			);
			path = Views;
			sourceTree = "<group>";
		};
		AE394B202BC6F01C00971964 /* Models */ = {
			isa = PBXGroup;
			children = (
				AE76D8922BC973A0000A6CEB /* Playlist.swift */,
				AE76D8942BC973B5000A6CEB /* AudioTrack.swift */,
				AE76D8962BC973C7000A6CEB /* Artist.swift */,
				AE76D8982BC973D7000A6CEB /* UserProfile.swift */,
				AEBCA31C2BD177AE007FB60E /* AuthResponse.swift */,
				AE152A842BD6A7170002F8A0 /* SettingModels.swift */,
			);
			path = Models;
			sourceTree = "<group>";
		};
		AE394B212BC6F02200971964 /* ViewModels */ = {
			isa = PBXGroup;
			children = (
			);
			path = ViewModels;
			sourceTree = "<group>";
		};
		AE394B222BC6F02B00971964 /* Managers */ = {
			isa = PBXGroup;
			children = (
				AE76D88C2BC9730D000A6CEB /* AuthManager.swift */,
				AE76D88E2BC9731F000A6CEB /* APICaller.swift */,
				AE76D8902BC97346000A6CEB /* HapticsManager.swift */,
			);
			path = Managers;
			sourceTree = "<group>";
		};
		AE394B232BC6F03A00971964 /* Resources */ = {
			isa = PBXGroup;
			children = (
				AE394B132BC6EFCD00971964 /* Assets.xcassets */,
				AE394B0A2BC6EFCC00971964 /* AppDelegate.swift */,
				AE394B0C2BC6EFCC00971964 /* SceneDelegate.swift */,
				AE0039572BCAE71700A2D0CB /* Extensions.swift */,
			);
			path = Resources;
			sourceTree = "<group>";
		};
		AE76D8742BC96FE5000A6CEB /* Core */ = {
			isa = PBXGroup;
			children = (
				AE76D8762BC970AE000A6CEB /* HomeViewController.swift */,
				AE76D8782BC970CC000A6CEB /* TabBarViewController.swift */,
				AE76D87A2BC970E0000A6CEB /* SearchViewController.swift */,
				AE76D87C2BC970F8000A6CEB /* LibraryViewController.swift */,
			);
			path = Core;
			sourceTree = "<group>";
		};
		AE76D8752BC9702D000A6CEB /* Other */ = {
			isa = PBXGroup;
			children = (
				AE76D87E2BC9710C000A6CEB /* AuthViewController.swift */,
				AE76D8802BC9711F000A6CEB /* WelcomeViewController.swift */,
				AE76D8822BC97155000A6CEB /* SettingsViewController.swift */,
				AE76D8842BC9716D000A6CEB /* ProfileViewController.swift */,
				AE76D8862BC97183000A6CEB /* PlayerViewController.swift */,
				AE76D8882BC97285000A6CEB /* PlaylistViewController.swift */,
				AE76D88A2BC9729A000A6CEB /* SearchResultViewController.swift */,
			);
			path = Other;
			sourceTree = "<group>";
		};
		DF056C13EED39397EE8BC8BF /* Pods */ = {
			isa = PBXGroup;
			children = (
				44A7211C4CDAABFB0E8268CF /* Pods-Spotify-iOS.debug.xcconfig */,
				D7B8D9F5B3C6AAB8BEDAA505 /* Pods-Spotify-iOS.release.xcconfig */,
			);
			path = Pods;
			sourceTree = "<group>";
		};
/* End PBXGroup section */

/* Begin PBXNativeTarget section */
		AE394B062BC6EFCC00971964 /* Spotify-iOS */ = {
			isa = PBXNativeTarget;
			buildConfigurationList = AE394B1B2BC6EFCD00971964 /* Build configuration list for PBXNativeTarget "Spotify-iOS" */;
			buildPhases = (
				10F2683B24B11DEA93ED978C /* [CP] Check Pods Manifest.lock */,
				AE394B032BC6EFCC00971964 /* Sources */,
				AE394B042BC6EFCC00971964 /* Frameworks */,
				AE394B052BC6EFCC00971964 /* Resources */,
				C740A1BB65C5187A894EC827 /* [CP] Embed Pods Frameworks */,
			);
			buildRules = (
			);
			dependencies = (
			);
			name = "Spotify-iOS";
			productName = "Spotify-iOS";
			productReference = AE394B072BC6EFCC00971964 /* Spotify-iOS.app */;
			productType = "com.apple.product-type.application";
		};
/* End PBXNativeTarget section */

/* Begin PBXProject section */
		AE394AFF2BC6EFCC00971964 /* Project object */ = {
			isa = PBXProject;
			attributes = {
				BuildIndependentTargetsInParallel = 1;
				LastSwiftUpdateCheck = 1530;
				LastUpgradeCheck = 1530;
				TargetAttributes = {
					AE394B062BC6EFCC00971964 = {
						CreatedOnToolsVersion = 15.3;
					};
				};
			};
			buildConfigurationList = AE394B022BC6EFCC00971964 /* Build configuration list for PBXProject "Spotify-iOS" */;
			compatibilityVersion = "Xcode 14.0";
			developmentRegion = en;
			hasScannedForEncodings = 0;
			knownRegions = (
				en,
				Base,
			);
			mainGroup = AE394AFE2BC6EFCC00971964;
			productRefGroup = AE394B082BC6EFCC00971964 /* Products */;
			projectDirPath = "";
			projectRoot = "";
			targets = (
				AE394B062BC6EFCC00971964 /* Spotify-iOS */,
			);
		};
/* End PBXProject section */

/* Begin PBXResourcesBuildPhase section */
		AE394B052BC6EFCC00971964 /* Resources */ = {
			isa = PBXResourcesBuildPhase;
			buildActionMask = 2147483647;
			files = (
				AE394B142BC6EFCD00971964 /* Assets.xcassets in Resources */,
				AE394B172BC6EFCD00971964 /* Base in Resources */,
				AE394B122BC6EFCC00971964 /* Base in Resources */,
			);
			runOnlyForDeploymentPostprocessing = 0;
		};
/* End PBXResourcesBuildPhase section */

/* Begin PBXShellScriptBuildPhase section */
		10F2683B24B11DEA93ED978C /* [CP] Check Pods Manifest.lock */ = {
			isa = PBXShellScriptBuildPhase;
			buildActionMask = 2147483647;
			files = (
			);
			inputFileListPaths = (
			);
			inputPaths = (
				"${PODS_PODFILE_DIR_PATH}/Podfile.lock",
				"${PODS_ROOT}/Manifest.lock",
			);
			name = "[CP] Check Pods Manifest.lock";
			outputFileListPaths = (
			);
			outputPaths = (
				"$(DERIVED_FILE_DIR)/Pods-Spotify-iOS-checkManifestLockResult.txt",
			);
			runOnlyForDeploymentPostprocessing = 0;
			shellPath = /bin/sh;
			shellScript = "diff \"${PODS_PODFILE_DIR_PATH}/Podfile.lock\" \"${PODS_ROOT}/Manifest.lock\" > /dev/null\nif [ $? != 0 ] ; then\n    # print error to STDERR\n    echo \"error: The sandbox is not in sync with the Podfile.lock. Run 'pod install' or update your CocoaPods installation.\" >&2\n    exit 1\nfi\n# This output is used by Xcode 'outputs' to avoid re-running this script phase.\necho \"SUCCESS\" > \"${SCRIPT_OUTPUT_FILE_0}\"\n";
			showEnvVarsInLog = 0;
		};
		C740A1BB65C5187A894EC827 /* [CP] Embed Pods Frameworks */ = {
			isa = PBXShellScriptBuildPhase;
			buildActionMask = 2147483647;
			files = (
			);
			inputFileListPaths = (
				"${PODS_ROOT}/Target Support Files/Pods-Spotify-iOS/Pods-Spotify-iOS-frameworks-${CONFIGURATION}-input-files.xcfilelist",
			);
			name = "[CP] Embed Pods Frameworks";
			outputFileListPaths = (
				"${PODS_ROOT}/Target Support Files/Pods-Spotify-iOS/Pods-Spotify-iOS-frameworks-${CONFIGURATION}-output-files.xcfilelist",
			);
			runOnlyForDeploymentPostprocessing = 0;
			shellPath = /bin/sh;
			shellScript = "\"${PODS_ROOT}/Target Support Files/Pods-Spotify-iOS/Pods-Spotify-iOS-frameworks.sh\"\n";
			showEnvVarsInLog = 0;
		};
/* End PBXShellScriptBuildPhase section */

/* Begin PBXSourcesBuildPhase section */
		AE394B032BC6EFCC00971964 /* Sources */ = {
			isa = PBXSourcesBuildPhase;
			buildActionMask = 2147483647;
			files = (
				AE76D87B2BC970E0000A6CEB /* SearchViewController.swift in Sources */,
				AE76D8932BC973A0000A6CEB /* Playlist.swift in Sources */,
				AE76D88D2BC9730D000A6CEB /* AuthManager.swift in Sources */,
				AE76D8812BC9711F000A6CEB /* WelcomeViewController.swift in Sources */,
				AE76D8852BC9716D000A6CEB /* ProfileViewController.swift in Sources */,
				AE76D8792BC970CC000A6CEB /* TabBarViewController.swift in Sources */,
				AE394B0B2BC6EFCC00971964 /* AppDelegate.swift in Sources */,
				AE76D8912BC97346000A6CEB /* HapticsManager.swift in Sources */,
				AEBCA31D2BD177AE007FB60E /* AuthResponse.swift in Sources */,
				AE76D8952BC973B5000A6CEB /* AudioTrack.swift in Sources */,
				AE76D87F2BC9710C000A6CEB /* AuthViewController.swift in Sources */,
				AE152A852BD6A7170002F8A0 /* SettingModels.swift in Sources */,
				AE394B0D2BC6EFCC00971964 /* SceneDelegate.swift in Sources */,
				AE76D87D2BC970F8000A6CEB /* LibraryViewController.swift in Sources */,
				AE76D8992BC973D7000A6CEB /* UserProfile.swift in Sources */,
				AE0039582BCAE71700A2D0CB /* Extensions.swift in Sources */,
				AE76D8892BC97285000A6CEB /* PlaylistViewController.swift in Sources */,
				AE76D8972BC973C7000A6CEB /* Artist.swift in Sources */,
				AE76D8772BC970AE000A6CEB /* HomeViewController.swift in Sources */,
				AE76D8872BC97183000A6CEB /* PlayerViewController.swift in Sources */,
				AE76D88B2BC9729A000A6CEB /* SearchResultViewController.swift in Sources */,
				AE76D88F2BC9731F000A6CEB /* APICaller.swift in Sources */,
				AE76D8832BC97155000A6CEB /* SettingsViewController.swift in Sources */,
			);
			runOnlyForDeploymentPostprocessing = 0;
		};
/* End PBXSourcesBuildPhase section */

/* Begin PBXVariantGroup section */
		AE394B102BC6EFCC00971964 /* Main.storyboard */ = {
			isa = PBXVariantGroup;
			children = (
				AE394B112BC6EFCC00971964 /* Base */,
			);
			name = Main.storyboard;
			sourceTree = "<group>";
		};
		AE394B152BC6EFCD00971964 /* LaunchScreen.storyboard */ = {
			isa = PBXVariantGroup;
			children = (
				AE394B162BC6EFCD00971964 /* Base */,
			);
			name = LaunchScreen.storyboard;
			sourceTree = "<group>";
		};
/* End PBXVariantGroup section */

/* Begin XCBuildConfiguration section */
		AE394B192BC6EFCD00971964 /* Debug */ = {
			isa = XCBuildConfiguration;
			buildSettings = {
				ALWAYS_SEARCH_USER_PATHS = NO;
				ASSETCATALOG_COMPILER_GENERATE_SWIFT_ASSET_SYMBOL_EXTENSIONS = YES;
				CLANG_ANALYZER_NONNULL = YES;
				CLANG_ANALYZER_NUMBER_OBJECT_CONVERSION = YES_AGGRESSIVE;
				CLANG_CXX_LANGUAGE_STANDARD = "gnu++20";
				CLANG_ENABLE_MODULES = YES;
				CLANG_ENABLE_OBJC_ARC = YES;
				CLANG_ENABLE_OBJC_WEAK = YES;
				CLANG_WARN_BLOCK_CAPTURE_AUTORELEASING = YES;
				CLANG_WARN_BOOL_CONVERSION = YES;
				CLANG_WARN_COMMA = YES;
				CLANG_WARN_CONSTANT_CONVERSION = YES;
				CLANG_WARN_DEPRECATED_OBJC_IMPLEMENTATIONS = YES;
				CLANG_WARN_DIRECT_OBJC_ISA_USAGE = YES_ERROR;
				CLANG_WARN_DOCUMENTATION_COMMENTS = YES;
				CLANG_WARN_EMPTY_BODY = YES;
				CLANG_WARN_ENUM_CONVERSION = YES;
				CLANG_WARN_INFINITE_RECURSION = YES;
				CLANG_WARN_INT_CONVERSION = YES;
				CLANG_WARN_NON_LITERAL_NULL_CONVERSION = YES;
				CLANG_WARN_OBJC_IMPLICIT_RETAIN_SELF = YES;
				CLANG_WARN_OBJC_LITERAL_CONVERSION = YES;
				CLANG_WARN_OBJC_ROOT_CLASS = YES_ERROR;
				CLANG_WARN_QUOTED_INCLUDE_IN_FRAMEWORK_HEADER = YES;
				CLANG_WARN_RANGE_LOOP_ANALYSIS = YES;
				CLANG_WARN_STRICT_PROTOTYPES = YES;
				CLANG_WARN_SUSPICIOUS_MOVE = YES;
				CLANG_WARN_UNGUARDED_AVAILABILITY = YES_AGGRESSIVE;
				CLANG_WARN_UNREACHABLE_CODE = YES;
				CLANG_WARN__DUPLICATE_METHOD_MATCH = YES;
				COPY_PHASE_STRIP = NO;
				DEBUG_INFORMATION_FORMAT = dwarf;
				ENABLE_STRICT_OBJC_MSGSEND = YES;
				ENABLE_TESTABILITY = YES;
				ENABLE_USER_SCRIPT_SANDBOXING = YES;
				GCC_C_LANGUAGE_STANDARD = gnu17;
				GCC_DYNAMIC_NO_PIC = NO;
				GCC_NO_COMMON_BLOCKS = YES;
				GCC_OPTIMIZATION_LEVEL = 0;
				GCC_PREPROCESSOR_DEFINITIONS = (
					"DEBUG=1",
					"$(inherited)",
				);
				GCC_WARN_64_TO_32_BIT_CONVERSION = YES;
				GCC_WARN_ABOUT_RETURN_TYPE = YES_ERROR;
				GCC_WARN_UNDECLARED_SELECTOR = YES;
				GCC_WARN_UNINITIALIZED_AUTOS = YES_AGGRESSIVE;
				GCC_WARN_UNUSED_FUNCTION = YES;
				GCC_WARN_UNUSED_VARIABLE = YES;
				IPHONEOS_DEPLOYMENT_TARGET = 17.4;
				LOCALIZATION_PREFERS_STRING_CATALOGS = YES;
				MTL_ENABLE_DEBUG_INFO = INCLUDE_SOURCE;
				MTL_FAST_MATH = YES;
				ONLY_ACTIVE_ARCH = YES;
				SDKROOT = iphoneos;
				SWIFT_ACTIVE_COMPILATION_CONDITIONS = "DEBUG $(inherited)";
				SWIFT_OPTIMIZATION_LEVEL = "-Onone";
			};
			name = Debug;
		};
		AE394B1A2BC6EFCD00971964 /* Release */ = {
			isa = XCBuildConfiguration;
			buildSettings = {
				ALWAYS_SEARCH_USER_PATHS = NO;
				ASSETCATALOG_COMPILER_GENERATE_SWIFT_ASSET_SYMBOL_EXTENSIONS = YES;
				CLANG_ANALYZER_NONNULL = YES;
				CLANG_ANALYZER_NUMBER_OBJECT_CONVERSION = YES_AGGRESSIVE;
				CLANG_CXX_LANGUAGE_STANDARD = "gnu++20";
				CLANG_ENABLE_MODULES = YES;
				CLANG_ENABLE_OBJC_ARC = YES;
				CLANG_ENABLE_OBJC_WEAK = YES;
				CLANG_WARN_BLOCK_CAPTURE_AUTORELEASING = YES;
				CLANG_WARN_BOOL_CONVERSION = YES;
				CLANG_WARN_COMMA = YES;
				CLANG_WARN_CONSTANT_CONVERSION = YES;
				CLANG_WARN_DEPRECATED_OBJC_IMPLEMENTATIONS = YES;
				CLANG_WARN_DIRECT_OBJC_ISA_USAGE = YES_ERROR;
				CLANG_WARN_DOCUMENTATION_COMMENTS = YES;
				CLANG_WARN_EMPTY_BODY = YES;
				CLANG_WARN_ENUM_CONVERSION = YES;
				CLANG_WARN_INFINITE_RECURSION = YES;
				CLANG_WARN_INT_CONVERSION = YES;
				CLANG_WARN_NON_LITERAL_NULL_CONVERSION = YES;
				CLANG_WARN_OBJC_IMPLICIT_RETAIN_SELF = YES;
				CLANG_WARN_OBJC_LITERAL_CONVERSION = YES;
				CLANG_WARN_OBJC_ROOT_CLASS = YES_ERROR;
				CLANG_WARN_QUOTED_INCLUDE_IN_FRAMEWORK_HEADER = YES;
				CLANG_WARN_RANGE_LOOP_ANALYSIS = YES;
				CLANG_WARN_STRICT_PROTOTYPES = YES;
				CLANG_WARN_SUSPICIOUS_MOVE = YES;
				CLANG_WARN_UNGUARDED_AVAILABILITY = YES_AGGRESSIVE;
				CLANG_WARN_UNREACHABLE_CODE = YES;
				CLANG_WARN__DUPLICATE_METHOD_MATCH = YES;
				COPY_PHASE_STRIP = NO;
				DEBUG_INFORMATION_FORMAT = "dwarf-with-dsym";
				ENABLE_NS_ASSERTIONS = NO;
				ENABLE_STRICT_OBJC_MSGSEND = YES;
				ENABLE_USER_SCRIPT_SANDBOXING = YES;
				GCC_C_LANGUAGE_STANDARD = gnu17;
				GCC_NO_COMMON_BLOCKS = YES;
				GCC_WARN_64_TO_32_BIT_CONVERSION = YES;
				GCC_WARN_ABOUT_RETURN_TYPE = YES_ERROR;
				GCC_WARN_UNDECLARED_SELECTOR = YES;
				GCC_WARN_UNINITIALIZED_AUTOS = YES_AGGRESSIVE;
				GCC_WARN_UNUSED_FUNCTION = YES;
				GCC_WARN_UNUSED_VARIABLE = YES;
				IPHONEOS_DEPLOYMENT_TARGET = 17.4;
				LOCALIZATION_PREFERS_STRING_CATALOGS = YES;
				MTL_ENABLE_DEBUG_INFO = NO;
				MTL_FAST_MATH = YES;
				SDKROOT = iphoneos;
				SWIFT_COMPILATION_MODE = wholemodule;
				VALIDATE_PRODUCT = YES;
			};
			name = Release;
		};
		AE394B1C2BC6EFCD00971964 /* Debug */ = {
			isa = XCBuildConfiguration;
			baseConfigurationReference = 44A7211C4CDAABFB0E8268CF /* Pods-Spotify-iOS.debug.xcconfig */;
			buildSettings = {
				ASSETCATALOG_COMPILER_APPICON_NAME = AppIcon;
				ASSETCATALOG_COMPILER_GLOBAL_ACCENT_COLOR_NAME = AccentColor;
				CODE_SIGN_STYLE = Automatic;
				CURRENT_PROJECT_VERSION = 1;
				DEVELOPMENT_TEAM = C575D4X2BC;
				ENABLE_USER_SCRIPT_SANDBOXING = NO;
				GENERATE_INFOPLIST_FILE = YES;
				INFOPLIST_FILE = "Spotify-iOS/Info.plist";
				INFOPLIST_KEY_CFBundleDisplayName = Spotify;
				INFOPLIST_KEY_UIApplicationSupportsIndirectInputEvents = YES;
				INFOPLIST_KEY_UILaunchStoryboardName = LaunchScreen;
				INFOPLIST_KEY_UIMainStoryboardFile = Main;
				INFOPLIST_KEY_UISupportedInterfaceOrientations_iPad = "UIInterfaceOrientationPortrait UIInterfaceOrientationPortraitUpsideDown UIInterfaceOrientationLandscapeLeft UIInterfaceOrientationLandscapeRight";
				INFOPLIST_KEY_UISupportedInterfaceOrientations_iPhone = "UIInterfaceOrientationPortrait UIInterfaceOrientationLandscapeLeft UIInterfaceOrientationLandscapeRight";
				IPHONEOS_DEPLOYMENT_TARGET = 13.0;
				LD_RUNPATH_SEARCH_PATHS = (
					"$(inherited)",
					"@executable_path/Frameworks",
				);
				MARKETING_VERSION = 1.0;
				PRODUCT_BUNDLE_IDENTIFIER = "co.dinhdung07.Spotify-iOS";
				PRODUCT_NAME = "$(TARGET_NAME)";
				SWIFT_EMIT_LOC_STRINGS = YES;
				SWIFT_VERSION = 5.0;
				TARGETED_DEVICE_FAMILY = "1,2";
			};
			name = Debug;
		};
		AE394B1D2BC6EFCD00971964 /* Release */ = {
			isa = XCBuildConfiguration;
			baseConfigurationReference = D7B8D9F5B3C6AAB8BEDAA505 /* Pods-Spotify-iOS.release.xcconfig */;
			buildSettings = {
				ASSETCATALOG_COMPILER_APPICON_NAME = AppIcon;
				ASSETCATALOG_COMPILER_GLOBAL_ACCENT_COLOR_NAME = AccentColor;
				CODE_SIGN_STYLE = Automatic;
				CURRENT_PROJECT_VERSION = 1;
				DEVELOPMENT_TEAM = C575D4X2BC;
				ENABLE_USER_SCRIPT_SANDBOXING = NO;
				GENERATE_INFOPLIST_FILE = YES;
				INFOPLIST_FILE = "Spotify-iOS/Info.plist";
				INFOPLIST_KEY_CFBundleDisplayName = Spotify;
				INFOPLIST_KEY_UIApplicationSupportsIndirectInputEvents = YES;
				INFOPLIST_KEY_UILaunchStoryboardName = LaunchScreen;
				INFOPLIST_KEY_UIMainStoryboardFile = Main;
				INFOPLIST_KEY_UISupportedInterfaceOrientations_iPad = "UIInterfaceOrientationPortrait UIInterfaceOrientationPortraitUpsideDown UIInterfaceOrientationLandscapeLeft UIInterfaceOrientationLandscapeRight";
				INFOPLIST_KEY_UISupportedInterfaceOrientations_iPhone = "UIInterfaceOrientationPortrait UIInterfaceOrientationLandscapeLeft UIInterfaceOrientationLandscapeRight";
				IPHONEOS_DEPLOYMENT_TARGET = 13.0;
				LD_RUNPATH_SEARCH_PATHS = (
					"$(inherited)",
					"@executable_path/Frameworks",
				);
				MARKETING_VERSION = 1.0;
				PRODUCT_BUNDLE_IDENTIFIER = "co.dinhdung07.Spotify-iOS";
				PRODUCT_NAME = "$(TARGET_NAME)";
				SWIFT_EMIT_LOC_STRINGS = YES;
				SWIFT_VERSION = 5.0;
				TARGETED_DEVICE_FAMILY = "1,2";
			};
			name = Release;
		};
/* End XCBuildConfiguration section */

/* Begin XCConfigurationList section */
		AE394B022BC6EFCC00971964 /* Build configuration list for PBXProject "Spotify-iOS" */ = {
			isa = XCConfigurationList;
			buildConfigurations = (
				AE394B192BC6EFCD00971964 /* Debug */,
				AE394B1A2BC6EFCD00971964 /* Release */,
			);
			defaultConfigurationIsVisible = 0;
			defaultConfigurationName = Release;
		};
		AE394B1B2BC6EFCD00971964 /* Build configuration list for PBXNativeTarget "Spotify-iOS" */ = {
			isa = XCConfigurationList;
			buildConfigurations = (
				AE394B1C2BC6EFCD00971964 /* Debug */,
				AE394B1D2BC6EFCD00971964 /* Release */,
			);
			defaultConfigurationIsVisible = 0;
			defaultConfigurationName = Release;
		};
/* End XCConfigurationList section */
	};
	rootObject = AE394AFF2BC6EFCC00971964 /* Project object */;
}
